
Microsoft Visual Studio Solution File, Format Version 12.00
# Visual Studio Version 17
VisualStudioVersion = 17.10.34928.147
MinimumVisualStudioVersion = 10.0.40219.1
Project("{FAE04EC0-301F-11D3-BF4B-00C04F79EFBC}") = "SimpleInventory", "SimpleInventory\SimpleInventory.csproj", "{A46B1C1D-7E7F-4580-AD41-B85A9A703A33}"
EndProject
Global
	GlobalSection(SolutionConfigurationPlatforms) = preSolution
		Debug|Any CPU = Debug|Any CPU
		Release|Any CPU = Release|Any CPU
	EndGlobalSection
	GlobalSection(ProjectConfigurationPlatforms) = postSolution
		{A46B1C1D-7E7F-4580-AD41-B85A9A703A33}.Debug|Any CPU.ActiveCfg = Debug|Any CPU
		{A46B1C1D-7E7F-4580-AD41-B85A9A703A33}.Debug|Any CPU.Build.0 = Debug|Any CPU
		{A46B1C1D-7E7F-4580-AD41-B85A9A703A33}.Release|Any CPU.ActiveCfg = Release|Any CPU
		{A46B1C1D-7E7F-4580-AD41-B85A9A703A33}.Release|Any CPU.Build.0 = Release|Any CPU
	EndGlobalSection
	GlobalSection(SolutionProperties) = preSolution
		HideSolutionNode = FALSE
	EndGlobalSection
	GlobalSection(ExtensibilityGlobals) = postSolution
		SolutionGuid = {3C930586-4574-46D9-B1AD-8F67CC07FF4C}
	EndGlobalSection
EndGlobal
